# This file is generated by running "yarn install" inside your project.
# Manual changes might be lost - proceed with caution!

__metadata:
  version: 6
  cacheKey: 8

"@types/node@npm:^20.8.3":
  version: 20.8.3
  resolution: "@types/node@npm:20.8.3"
  checksum: bfb88b341faeb19f8fd37306a3bf433721b876c6491d10fcb0b13fd26601fa36ee45113dd82b1e1c23e3c957dff5b99f81a16493cefa03abe797e41a2487a4f7
  languageName: node
  linkType: hard

"axios@npm:^0.21.0":
  version: 0.21.4
  resolution: "axios@npm:0.21.4"
  dependencies:
    follow-redirects: ^1.14.0
  checksum: 44245f24ac971e7458f3120c92f9d66d1fc695e8b97019139de5b0cc65d9b8104647db01e5f46917728edfc0cfd88eb30fc4c55e6053eef4ace76768ce95ff3c
  languageName: node
  linkType: hard

"cryptobot-types@workspace:.":
  version: 0.0.0-use.local
  resolution: "cryptobot-types@workspace:."
  dependencies:
    "@types/node": ^20.8.3
    okx-api: ^1.1.3
  languageName: unknown
  linkType: soft

"follow-redirects@npm:^1.14.0":
  version: 1.15.3
  resolution: "follow-redirects@npm:1.15.3"
  peerDependenciesMeta:
    debug:
      optional: true
  checksum: 584da22ec5420c837bd096559ebfb8fe69d82512d5585004e36a3b4a6ef6d5905780e0c74508c7b72f907d1fa2b7bd339e613859e9c304d0dc96af2027fd0231
  languageName: node
  linkType: hard

"isomorphic-ws@npm:^4.0.1":
  version: 4.0.1
  resolution: "isomorphic-ws@npm:4.0.1"
  peerDependencies:
    ws: "*"
  checksum: d7190eadefdc28bdb93d67b5f0c603385aaf87724fa2974abb382ac1ec9756ed2cfb27065cbe76122879c2d452e2982bc4314317f3d6c737ddda6c047328771a
  languageName: node
  linkType: hard

"okx-api@npm:^1.1.3":
  version: 1.1.3
  resolution: "okx-api@npm:1.1.3"
  dependencies:
    axios: ^0.21.0
    isomorphic-ws: ^4.0.1
    ws: ^7.4.0
  checksum: 086c83d3b08e48cf01d110f196d25846829473f0967d5b9633161d1ddea60a8c4b4d347ede82136a2cb9d1add31d33ba1a4dc0c9024c65c0ce0c01b21c15144d
  languageName: node
  linkType: hard

"ws@npm:^7.4.0":
  version: 7.5.9
  resolution: "ws@npm:7.5.9"
  peerDependencies:
    bufferutil: ^4.0.1
    utf-8-validate: ^5.0.2
  peerDependenciesMeta:
    bufferutil:
      optional: true
    utf-8-validate:
      optional: true
  checksum: c3c100a181b731f40b7f2fddf004aa023f79d64f489706a28bc23ff88e87f6a64b3c6651fbec3a84a53960b75159574d7a7385709847a62ddb7ad6af76f49138
  languageName: node
  linkType: hard
